
Microsoft Visual Studio Solution File, Format Version 12.00
# Visual Studio Version 16
VisualStudioVersion = 16.0.31112.23
MinimumVisualStudioVersion = 10.0.40219.1
Project("{FAE04EC0-301F-11D3-BF4B-00C04F79EFBC}") = "proekt", "proekt\proekt.csproj", "{B348BA4F-959E-4785-9BFF-23E6FC78ABB8}"
EndProject
Global
	GlobalSection(SolutionConfigurationPlatforms) = preSolution
		Debug|Any CPU = Debug|Any CPU
		Release|Any CPU = Release|Any CPU
	EndGlobalSection
	GlobalSection(ProjectConfigurationPlatforms) = postSolution
		{B348BA4F-959E-4785-9BFF-23E6FC78ABB8}.Debug|Any CPU.ActiveCfg = Debug|Any CPU
		{B348BA4F-959E-4785-9BFF-23E6FC78ABB8}.Debug|Any CPU.Build.0 = Debug|Any CPU
		{B348BA4F-959E-4785-9BFF-23E6FC78ABB8}.Release|Any CPU.ActiveCfg = Release|Any CPU
		{B348BA4F-959E-4785-9BFF-23E6FC78ABB8}.Release|Any CPU.Build.0 = Release|Any CPU
	EndGlobalSection
	GlobalSection(SolutionProperties) = preSolution
		HideSolutionNode = FALSE
	EndGlobalSection
	GlobalSection(ExtensibilityGlobals) = postSolution
		SolutionGuid = {9D2EA62D-7D48-4E4D-A624-255C8530E839}
	EndGlobalSection
EndGlobal
